<?xml version="1.0" encoding="UTF-8" standalone="yes" ?>
<CodeBlocks_project_file>
	<FileVersion major="1" minor="6" />
	<Project>
		<Option title="TSBK03_Project" />
		<Option pch_mode="2" />
		<Option compiler="gcc" />
		<Option virtualFolders="openoliver\openoliver\common\;" />
		<Build>
			<Target title="Debug">
				<Option output="bin/Debug/TSBK03_Project" prefix_auto="1" extension_auto="1" />
				<Option working_dir="bin/Debug" />
				<Option object_output="obj/Debug/" />
				<Option type="1" />
				<Option compiler="gcc" />
				<Compiler>
					<Add option="-g" />
					<Add directory="../openoliver/openoliver/common" />
					<Add directory="include" />
					<Add directory="../openoliver/openoliver/src" />
					<Add directory="../include" />
				</Compiler>
				<Linker>
					<Add option="-glew32  -lglew32mx" />
					<Add library="opengl32" />
					<Add library="glew32" />
				</Linker>
			</Target>
			<Target title="Release">
				<Option output="bin/Release/TSBK03_Project" prefix_auto="1" extension_auto="1" />
				<Option working_dir="C:/Program Files (x86)/CodeBlocks/MinGW/bin" />
				<Option object_output="obj/Release/" />
				<Option type="0" />
				<Option compiler="gcc" />
				<Compiler>
					<Add option="-O2" />
					<Add directory="include" />
				</Compiler>
				<Linker>
					<Add option="-s" />
				</Linker>
			</Target>
		</Build>
		<Compiler>
			<Add option="-Wall" />
			<Add directory="C:/Program Files (x86)/CodeBlocks/MinGW/include" />
		</Compiler>
		<Linker>
			<Add library="freeglut" />
			<Add library="opengl32" />
			<Add library="glu32" />
			<Add library="winmm" />
			<Add library="gdi32" />
			<Add directory="C:/Program Files (x86)/CodeBlocks/MinGW/lib" />
		</Linker>
		<Unit filename="../include/CPUClothSimulation.h" />
		<Unit filename="../include/GPUClothSimulation.h" />
		<Unit filename="../include/GrassSimulation.h" />
		<Unit filename="../include/KeyMouseHandler.h" />
		<Unit filename="../include/SimulationClass.h" />
		<Unit filename="../include/Terrain.h" />
		<Unit filename="../openoliver/openoliver/common/GL_utilities.c">
			<Option compilerVar="CC" />
		</Unit>
		<Unit filename="../openoliver/openoliver/common/GL_utilities.h" />
		<Unit filename="../openoliver/openoliver/common/LoadTGA.c">
			<Option compilerVar="CC" />
		</Unit>
		<Unit filename="../openoliver/openoliver/common/LoadTGA.h" />
		<Unit filename="../openoliver/openoliver/common/VectorUtils3.c">
			<Option compilerVar="CC" />
		</Unit>
		<Unit filename="../openoliver/openoliver/common/VectorUtils3.h">
			<Option virtualFolder="openoliver/openoliver/common/" />
		</Unit>
		<Unit filename="../openoliver/openoliver/common/loadobj.c">
			<Option compilerVar="CC" />
		</Unit>
		<Unit filename="../openoliver/openoliver/common/loadobj.h" />
		<Unit filename="../openoliver/openoliver/main.cpp" />
		<Unit filename="../openoliver/openoliver/src/ModelObject.cpp" />
		<Unit filename="../openoliver/openoliver/src/ModelObject.h" />
		<Unit filename="../openoliver/openoliver/src/lab1-1.c">
			<Option compilerVar="CC" />
			<Option target="Release" />
		</Unit>
		<Unit filename="../src/CPUClothSimulation.cpp" />
		<Unit filename="../src/GPUClothSimulation.cpp" />
		<Unit filename="../src/GrassSimulation.cpp" />
		<Unit filename="../src/KeyMouseHandler.cpp" />
		<Unit filename="../src/Terrain.cpp" />
		<Extensions>
			<code_completion />
			<envvars />
			<debugger />
			<lib_finder disable_auto="1" />
		</Extensions>
	</Project>
</CodeBlocks_project_file>
